
Microsoft Visual Studio Solution File, Format Version 12.00
# Visual Studio Version 16
VisualStudioVersion = 16.0.31229.75
MinimumVisualStudioVersion = 10.0.40219.1
Project("{FAE04EC0-301F-11D3-BF4B-00C04F79EFBC}") = "Xml_Operations", "Xml_Operations\Xml_Operations.csproj", "{30421E2B-48E9-40A7-B1C8-C70C73D44A3B}"
EndProject
Global
	GlobalSection(SolutionConfigurationPlatforms) = preSolution
		Debug|Any CPU = Debug|Any CPU
		Release|Any CPU = Release|Any CPU
	EndGlobalSection
	GlobalSection(ProjectConfigurationPlatforms) = postSolution
		{30421E2B-48E9-40A7-B1C8-C70C73D44A3B}.Debug|Any CPU.ActiveCfg = Debug|Any CPU
		{30421E2B-48E9-40A7-B1C8-C70C73D44A3B}.Debug|Any CPU.Build.0 = Debug|Any CPU
		{30421E2B-48E9-40A7-B1C8-C70C73D44A3B}.Release|Any CPU.ActiveCfg = Release|Any CPU
		{30421E2B-48E9-40A7-B1C8-C70C73D44A3B}.Release|Any CPU.Build.0 = Release|Any CPU
	EndGlobalSection
	GlobalSection(SolutionProperties) = preSolution
		HideSolutionNode = FALSE
	EndGlobalSection
	GlobalSection(ExtensibilityGlobals) = postSolution
		SolutionGuid = {614269A4-71ED-49AD-9F8D-DE2AF6150143}
	EndGlobalSection
EndGlobal
